
Microsoft Visual Studio Solution File, Format Version 12.00
# Visual Studio 15
VisualStudioVersion = 15.0.28307.168
MinimumVisualStudioVersion = 10.0.40219.1
Project("{FAE04EC0-301F-11D3-BF4B-00C04F79EFBC}") = "WebAPI", "WebAPI\WebAPI.csproj", "{FFAFF459-DE17-4C73-BC06-F0B3A4CDA519}"
EndProject
Global
	GlobalSection(SolutionConfigurationPlatforms) = preSolution
		Debug|Any CPU = Debug|Any CPU
		Release|Any CPU = Release|Any CPU
	EndGlobalSection
	GlobalSection(ProjectConfigurationPlatforms) = postSolution
		{FFAFF459-DE17-4C73-BC06-F0B3A4CDA519}.Debug|Any CPU.ActiveCfg = Debug|Any CPU
		{FFAFF459-DE17-4C73-BC06-F0B3A4CDA519}.Debug|Any CPU.Build.0 = Debug|Any CPU
		{FFAFF459-DE17-4C73-BC06-F0B3A4CDA519}.Release|Any CPU.ActiveCfg = Release|Any CPU
		{FFAFF459-DE17-4C73-BC06-F0B3A4CDA519}.Release|Any CPU.Build.0 = Release|Any CPU
	EndGlobalSection
	GlobalSection(SolutionProperties) = preSolution
		HideSolutionNode = FALSE
	EndGlobalSection
	GlobalSection(ExtensibilityGlobals) = postSolution
		SolutionGuid = {26FBF772-0295-4B5B-B141-D9D8D205F6C4}
	EndGlobalSection
EndGlobal
